
Microsoft Visual Studio Solution File, Format Version 12.00
# Visual Studio 15
VisualStudioVersion = 15.0.27004.2010
MinimumVisualStudioVersion = 10.0.40219.1
Project("{FAE04EC0-301F-11D3-BF4B-00C04F79EFBC}") = "SocketDemo", "Demo\SocketDemo.csproj", "{C78D673D-27B2-4C0C-89BF-ABF32059E854}"
EndProject
Project("{FAE04EC0-301F-11D3-BF4B-00C04F79EFBC}") = "Console", "ConsoleApp\Console.csproj", "{5A3433AF-F27A-4527-98F7-8DB2D35D7FD7}"
EndProject
Project("{FAE04EC0-301F-11D3-BF4B-00C04F79EFBC}") = "Redis", "Redis\Redis.csproj", "{94F5831E-2AF3-479F-93BA-5AF381FE1333}"
EndProject
Global
	GlobalSection(SolutionConfigurationPlatforms) = preSolution
		Debug|Any CPU = Debug|Any CPU
		Release|Any CPU = Release|Any CPU
	EndGlobalSection
	GlobalSection(ProjectConfigurationPlatforms) = postSolution
		{C78D673D-27B2-4C0C-89BF-ABF32059E854}.Debug|Any CPU.ActiveCfg = Debug|Any CPU
		{C78D673D-27B2-4C0C-89BF-ABF32059E854}.Debug|Any CPU.Build.0 = Debug|Any CPU
		{C78D673D-27B2-4C0C-89BF-ABF32059E854}.Release|Any CPU.ActiveCfg = Release|Any CPU
		{C78D673D-27B2-4C0C-89BF-ABF32059E854}.Release|Any CPU.Build.0 = Release|Any CPU
		{5A3433AF-F27A-4527-98F7-8DB2D35D7FD7}.Debug|Any CPU.ActiveCfg = Debug|Any CPU
		{5A3433AF-F27A-4527-98F7-8DB2D35D7FD7}.Debug|Any CPU.Build.0 = Debug|Any CPU
		{5A3433AF-F27A-4527-98F7-8DB2D35D7FD7}.Release|Any CPU.ActiveCfg = Release|Any CPU
		{5A3433AF-F27A-4527-98F7-8DB2D35D7FD7}.Release|Any CPU.Build.0 = Release|Any CPU
		{94F5831E-2AF3-479F-93BA-5AF381FE1333}.Debug|Any CPU.ActiveCfg = Debug|Any CPU
		{94F5831E-2AF3-479F-93BA-5AF381FE1333}.Debug|Any CPU.Build.0 = Debug|Any CPU
		{94F5831E-2AF3-479F-93BA-5AF381FE1333}.Release|Any CPU.ActiveCfg = Release|Any CPU
		{94F5831E-2AF3-479F-93BA-5AF381FE1333}.Release|Any CPU.Build.0 = Release|Any CPU
	EndGlobalSection
	GlobalSection(SolutionProperties) = preSolution
		HideSolutionNode = FALSE
	EndGlobalSection
	GlobalSection(ExtensibilityGlobals) = postSolution
		SolutionGuid = {48D4DFB6-4C1D-41E4-B627-94B5DA3092E0}
	EndGlobalSection
EndGlobal
